
Microsoft Visual Studio Solution File, Format Version 12.00
# Visual Studio 15
VisualStudioVersion = 15.0.27703.2018
MinimumVisualStudioVersion = 10.0.40219.1
Project("{FAE04EC0-301F-11D3-BF4B-00C04F79EFBC}") = "binarysearchtree", "binarysearchtree\binarysearchtree.csproj", "{CC688B12-4193-482D-BCEC-0652496E5196}"
EndProject
Global
	GlobalSection(SolutionConfigurationPlatforms) = preSolution
		Debug|Any CPU = Debug|Any CPU
		Release|Any CPU = Release|Any CPU
	EndGlobalSection
	GlobalSection(ProjectConfigurationPlatforms) = postSolution
		{CC688B12-4193-482D-BCEC-0652496E5196}.Debug|Any CPU.ActiveCfg = Debug|Any CPU
		{CC688B12-4193-482D-BCEC-0652496E5196}.Debug|Any CPU.Build.0 = Debug|Any CPU
		{CC688B12-4193-482D-BCEC-0652496E5196}.Release|Any CPU.ActiveCfg = Release|Any CPU
		{CC688B12-4193-482D-BCEC-0652496E5196}.Release|Any CPU.Build.0 = Release|Any CPU
	EndGlobalSection
	GlobalSection(SolutionProperties) = preSolution
		HideSolutionNode = FALSE
	EndGlobalSection
	GlobalSection(ExtensibilityGlobals) = postSolution
		SolutionGuid = {5B1D266E-2455-4FF5-82C3-EE23745A3D93}
	EndGlobalSection
EndGlobal
